
Microsoft Visual Studio Solution File, Format Version 12.00
# Visual Studio Version 17
VisualStudioVersion = 17.7.34031.279
MinimumVisualStudioVersion = 10.0.40219.1
Project("{8BC9CEB8-8B4A-11D0-8D11-00A0C91BC942}") = "LAB_8.2", "LAB_8.2\LAB_8.2.vcxproj", "{75DA9F41-83FD-48FE-B166-3910D758636D}"
EndProject
Project("{8BC9CEB8-8B4A-11D0-8D11-00A0C91BC942}") = "UnitTest1_LAB_8.2", "UnitTest1_LAB_8.2\UnitTest1_LAB_8.2.vcxproj", "{6000695A-34BE-4D61-B4CC-29B7C1C8E3E8}"
EndProject
Global
	GlobalSection(SolutionConfigurationPlatforms) = preSolution
		Debug|x64 = Debug|x64
		Debug|x86 = Debug|x86
		Release|x64 = Release|x64
		Release|x86 = Release|x86
	EndGlobalSection
	GlobalSection(ProjectConfigurationPlatforms) = postSolution
		{75DA9F41-83FD-48FE-B166-3910D758636D}.Debug|x64.ActiveCfg = Debug|x64
		{75DA9F41-83FD-48FE-B166-3910D758636D}.Debug|x64.Build.0 = Debug|x64
		{75DA9F41-83FD-48FE-B166-3910D758636D}.Debug|x86.ActiveCfg = Debug|Win32
		{75DA9F41-83FD-48FE-B166-3910D758636D}.Debug|x86.Build.0 = Debug|Win32
		{75DA9F41-83FD-48FE-B166-3910D758636D}.Release|x64.ActiveCfg = Release|x64
		{75DA9F41-83FD-48FE-B166-3910D758636D}.Release|x64.Build.0 = Release|x64
		{75DA9F41-83FD-48FE-B166-3910D758636D}.Release|x86.ActiveCfg = Release|Win32
		{75DA9F41-83FD-48FE-B166-3910D758636D}.Release|x86.Build.0 = Release|Win32
		{6000695A-34BE-4D61-B4CC-29B7C1C8E3E8}.Debug|x64.ActiveCfg = Debug|x64
		{6000695A-34BE-4D61-B4CC-29B7C1C8E3E8}.Debug|x64.Build.0 = Debug|x64
		{6000695A-34BE-4D61-B4CC-29B7C1C8E3E8}.Debug|x86.ActiveCfg = Debug|Win32
		{6000695A-34BE-4D61-B4CC-29B7C1C8E3E8}.Debug|x86.Build.0 = Debug|Win32
		{6000695A-34BE-4D61-B4CC-29B7C1C8E3E8}.Release|x64.ActiveCfg = Release|x64
		{6000695A-34BE-4D61-B4CC-29B7C1C8E3E8}.Release|x64.Build.0 = Release|x64
		{6000695A-34BE-4D61-B4CC-29B7C1C8E3E8}.Release|x86.ActiveCfg = Release|Win32
		{6000695A-34BE-4D61-B4CC-29B7C1C8E3E8}.Release|x86.Build.0 = Release|Win32
	EndGlobalSection
	GlobalSection(SolutionProperties) = preSolution
		HideSolutionNode = FALSE
	EndGlobalSection
	GlobalSection(ExtensibilityGlobals) = postSolution
		SolutionGuid = {2F3276AB-2E3C-4BB8-8B61-31ECF0B9C25F}
	EndGlobalSection
EndGlobal
